
Microsoft Visual Studio Solution File, Format Version 12.00
# Visual Studio Version 17
VisualStudioVersion = 17.2.32602.215
MinimumVisualStudioVersion = 10.0.40219.1
Project("{9A19103F-16F7-4668-BE54-9A1E7A4F7556}") = "WebMVC", "WebMVC.csproj", "{74D23812-D7ED-4B31-93AF-3502595B149C}"
EndProject
Global
	GlobalSection(SolutionConfigurationPlatforms) = preSolution
		Debug|Any CPU = Debug|Any CPU
		Release|Any CPU = Release|Any CPU
	EndGlobalSection
	GlobalSection(ProjectConfigurationPlatforms) = postSolution
		{74D23812-D7ED-4B31-93AF-3502595B149C}.Debug|Any CPU.ActiveCfg = Debug|Any CPU
		{74D23812-D7ED-4B31-93AF-3502595B149C}.Debug|Any CPU.Build.0 = Debug|Any CPU
		{74D23812-D7ED-4B31-93AF-3502595B149C}.Release|Any CPU.ActiveCfg = Release|Any CPU
		{74D23812-D7ED-4B31-93AF-3502595B149C}.Release|Any CPU.Build.0 = Release|Any CPU
	EndGlobalSection
	GlobalSection(SolutionProperties) = preSolution
		HideSolutionNode = FALSE
	EndGlobalSection
	GlobalSection(ExtensibilityGlobals) = postSolution
		SolutionGuid = {959A55E2-D5FB-40D8-B513-7BC42F8A25E4}
	EndGlobalSection
EndGlobal
